
Microsoft Visual Studio Solution File, Format Version 12.00
# Visual Studio Version 16
VisualStudioVersion = 16.0.29509.3
MinimumVisualStudioVersion = 10.0.40219.1
Project("{FAE04EC0-301F-11D3-BF4B-00C04F79EFBC}") = "Uppgift1.2", "Uppgift1.2.csproj", "{DE403561-7138-469B-A4F4-E366510D2F0C}"
EndProject
Global
	GlobalSection(SolutionConfigurationPlatforms) = preSolution
		Debug|Any CPU = Debug|Any CPU
		Release|Any CPU = Release|Any CPU
	EndGlobalSection
	GlobalSection(ProjectConfigurationPlatforms) = postSolution
		{DE403561-7138-469B-A4F4-E366510D2F0C}.Debug|Any CPU.ActiveCfg = Debug|Any CPU
		{DE403561-7138-469B-A4F4-E366510D2F0C}.Debug|Any CPU.Build.0 = Debug|Any CPU
		{DE403561-7138-469B-A4F4-E366510D2F0C}.Release|Any CPU.ActiveCfg = Release|Any CPU
		{DE403561-7138-469B-A4F4-E366510D2F0C}.Release|Any CPU.Build.0 = Release|Any CPU
	EndGlobalSection
	GlobalSection(SolutionProperties) = preSolution
		HideSolutionNode = FALSE
	EndGlobalSection
	GlobalSection(ExtensibilityGlobals) = postSolution
		SolutionGuid = {22073D21-80B0-4ADD-A19B-A47194AF37E4}
	EndGlobalSection
EndGlobal
